
Microsoft Visual Studio Solution File, Format Version 12.00
# Visual Studio Version 16
VisualStudioVersion = 16.0.29009.5
MinimumVisualStudioVersion = 10.0.40219.1
Project("{FAE04EC0-301F-11D3-BF4B-00C04F79EFBC}") = "ContentReupload.App", "ContentReupload.App\ContentReupload.App.csproj", "{2CF6F15D-B4AD-4E5C-A865-8EFF5AACA664}"
EndProject
Project("{FAE04EC0-301F-11D3-BF4B-00C04F79EFBC}") = "ContentReupload.Common", "ContentReupload.Common\ContentReupload.Common.csproj", "{8401F2B4-BB99-486A-8E8C-734867F0B4DE}"
EndProject
Project("{FAE04EC0-301F-11D3-BF4B-00C04F79EFBC}") = "ContentReupload.Reddit", "ContentReupload.Reddit\ContentReupload.Reddit.csproj", "{53ADADE9-5158-4016-AF77-3BC2BF75FF61}"
EndProject
Project("{FAE04EC0-301F-11D3-BF4B-00C04F79EFBC}") = "ContentReupload.Twitch", "ContentReupload.Twitch\ContentReupload.Twitch.csproj", "{B031651D-DE54-46CD-9084-C638817DB344}"
EndProject
Project("{FAE04EC0-301F-11D3-BF4B-00C04F79EFBC}") = "ContentReupload.YouTube", "ContentReupload.YouTube\ContentReupload.YouTube.csproj", "{51461959-E665-4DAD-8BC5-6B79118AF59D}"
EndProject
Project("{FAE04EC0-301F-11D3-BF4B-00C04F79EFBC}") = "ContentReupload.Reddit.Scanner", "ContentReupload.Reddit.Scanner\ContentReupload.Reddit.Scanner.csproj", "{60D108DC-9064-48A0-B06E-4EB691FE5FED}"
EndProject
Project("{FAE04EC0-301F-11D3-BF4B-00C04F79EFBC}") = "ContentReupload.VideoManagement", "ContentReupload.VideoManagement\ContentReupload.VideoManagement.csproj", "{CC684260-C955-4C8C-B77F-C160626D9489}"
EndProject
Project("{2150E333-8FDC-42A3-9474-1A3956D46DE8}") = "ContentReupload.ContentPlatforms", "ContentReupload.ContentPlatforms", "{A45535C2-923C-40E1-BE80-E902D0EF5B95}"
EndProject
Global
	GlobalSection(SolutionConfigurationPlatforms) = preSolution
		Debug|Any CPU = Debug|Any CPU
		Release|Any CPU = Release|Any CPU
	EndGlobalSection
	GlobalSection(ProjectConfigurationPlatforms) = postSolution
		{2CF6F15D-B4AD-4E5C-A865-8EFF5AACA664}.Debug|Any CPU.ActiveCfg = Debug|Any CPU
		{2CF6F15D-B4AD-4E5C-A865-8EFF5AACA664}.Debug|Any CPU.Build.0 = Debug|Any CPU
		{2CF6F15D-B4AD-4E5C-A865-8EFF5AACA664}.Release|Any CPU.ActiveCfg = Release|Any CPU
		{2CF6F15D-B4AD-4E5C-A865-8EFF5AACA664}.Release|Any CPU.Build.0 = Release|Any CPU
		{8401F2B4-BB99-486A-8E8C-734867F0B4DE}.Debug|Any CPU.ActiveCfg = Debug|Any CPU
		{8401F2B4-BB99-486A-8E8C-734867F0B4DE}.Debug|Any CPU.Build.0 = Debug|Any CPU
		{8401F2B4-BB99-486A-8E8C-734867F0B4DE}.Release|Any CPU.ActiveCfg = Release|Any CPU
		{8401F2B4-BB99-486A-8E8C-734867F0B4DE}.Release|Any CPU.Build.0 = Release|Any CPU
		{53ADADE9-5158-4016-AF77-3BC2BF75FF61}.Debug|Any CPU.ActiveCfg = Debug|Any CPU
		{53ADADE9-5158-4016-AF77-3BC2BF75FF61}.Debug|Any CPU.Build.0 = Debug|Any CPU
		{53ADADE9-5158-4016-AF77-3BC2BF75FF61}.Release|Any CPU.ActiveCfg = Release|Any CPU
		{53ADADE9-5158-4016-AF77-3BC2BF75FF61}.Release|Any CPU.Build.0 = Release|Any CPU
		{B031651D-DE54-46CD-9084-C638817DB344}.Debug|Any CPU.ActiveCfg = Debug|Any CPU
		{B031651D-DE54-46CD-9084-C638817DB344}.Debug|Any CPU.Build.0 = Debug|Any CPU
		{B031651D-DE54-46CD-9084-C638817DB344}.Release|Any CPU.ActiveCfg = Release|Any CPU
		{B031651D-DE54-46CD-9084-C638817DB344}.Release|Any CPU.Build.0 = Release|Any CPU
		{51461959-E665-4DAD-8BC5-6B79118AF59D}.Debug|Any CPU.ActiveCfg = Debug|Any CPU
		{51461959-E665-4DAD-8BC5-6B79118AF59D}.Debug|Any CPU.Build.0 = Debug|Any CPU
		{51461959-E665-4DAD-8BC5-6B79118AF59D}.Release|Any CPU.ActiveCfg = Release|Any CPU
		{51461959-E665-4DAD-8BC5-6B79118AF59D}.Release|Any CPU.Build.0 = Release|Any CPU
		{60D108DC-9064-48A0-B06E-4EB691FE5FED}.Debug|Any CPU.ActiveCfg = Debug|Any CPU
		{60D108DC-9064-48A0-B06E-4EB691FE5FED}.Debug|Any CPU.Build.0 = Debug|Any CPU
		{60D108DC-9064-48A0-B06E-4EB691FE5FED}.Release|Any CPU.ActiveCfg = Release|Any CPU
		{60D108DC-9064-48A0-B06E-4EB691FE5FED}.Release|Any CPU.Build.0 = Release|Any CPU
		{CC684260-C955-4C8C-B77F-C160626D9489}.Debug|Any CPU.ActiveCfg = Debug|Any CPU
		{CC684260-C955-4C8C-B77F-C160626D9489}.Debug|Any CPU.Build.0 = Debug|Any CPU
		{CC684260-C955-4C8C-B77F-C160626D9489}.Release|Any CPU.ActiveCfg = Release|Any CPU
		{CC684260-C955-4C8C-B77F-C160626D9489}.Release|Any CPU.Build.0 = Release|Any CPU
	EndGlobalSection
	GlobalSection(SolutionProperties) = preSolution
		HideSolutionNode = FALSE
	EndGlobalSection
	GlobalSection(NestedProjects) = preSolution
		{53ADADE9-5158-4016-AF77-3BC2BF75FF61} = {A45535C2-923C-40E1-BE80-E902D0EF5B95}
		{B031651D-DE54-46CD-9084-C638817DB344} = {A45535C2-923C-40E1-BE80-E902D0EF5B95}
		{51461959-E665-4DAD-8BC5-6B79118AF59D} = {A45535C2-923C-40E1-BE80-E902D0EF5B95}
		{60D108DC-9064-48A0-B06E-4EB691FE5FED} = {A45535C2-923C-40E1-BE80-E902D0EF5B95}
	EndGlobalSection
	GlobalSection(ExtensibilityGlobals) = postSolution
		SolutionGuid = {73522796-1360-4A69-8172-B7B129990C53}
	EndGlobalSection
EndGlobal
